// !$*UTF8*$!
{
	archiveVersion = 1;
	classes = {
	};
	objectVersion = 46;
	objects = {
/* Begin PBXBuildFile section */
		1D3623260D0F684500981E51 /* AppDelegate.m in Sources */ = {isa = PBXBuildFile; fileRef = 1D3623250D0F684500981E51 /* AppDelegate.m */; };
		1D60589B0D05DD56006BFB54 /* main.m in Sources */ = {isa = PBXBuildFile; fileRef = 29B97316FDCFA39411CA2CEA /* main.m */; };
		288765FD0DF74451002DB57D /* CoreGraphics.framework in Frameworks */ = {isa = PBXBuildFile; fileRef = 288765FC0DF74451002DB57D /* CoreGraphics.framework */; };
		301BF552109A68D80062928A /* libCordova.a in Frameworks */ = {isa = PBXBuildFile; fileRef = 301BF535109A57CC0062928A /* libCordova.a */; };
		302D95F114D2391D003F00A1 /* MainViewController.m in Sources */ = {isa = PBXBuildFile; fileRef = 302D95EF14D2391D003F00A1 /* MainViewController.m */; };
		302D95F214D2391D003F00A1 /* MainViewController.xib in Resources */ = {isa = PBXBuildFile; fileRef = 302D95F014D2391D003F00A1 /* MainViewController.xib */; };
		305D5FD1115AB8F900A74A75 /* MobileCoreServices.framework in Frameworks */ = {isa = PBXBuildFile; fileRef = 305D5FD0115AB8F900A74A75 /* MobileCoreServices.framework */; };
		3088BBBD154F3926009F9C59 /* Default-Landscape@2x~ipad.png in Resources */ = {isa = PBXBuildFile; fileRef = 3088BBB7154F3926009F9C59 /* Default-Landscape@2x~ipad.png */; };
		3088BBBE154F3926009F9C59 /* Default-Landscape~ipad.png in Resources */ = {isa = PBXBuildFile; fileRef = 3088BBB8154F3926009F9C59 /* Default-Landscape~ipad.png */; };
		3088BBBF154F3926009F9C59 /* Default-Portrait@2x~ipad.png in Resources */ = {isa = PBXBuildFile; fileRef = 3088BBB9154F3926009F9C59 /* Default-Portrait@2x~ipad.png */; };
		3088BBC0154F3926009F9C59 /* Default-Portrait~ipad.png in Resources */ = {isa = PBXBuildFile; fileRef = 3088BBBA154F3926009F9C59 /* Default-Portrait~ipad.png */; };
		3088BBC1154F3926009F9C59 /* Default@2x~iphone.png in Resources */ = {isa = PBXBuildFile; fileRef = 3088BBBB154F3926009F9C59 /* Default@2x~iphone.png */; };
		3088BBC2154F3926009F9C59 /* Default~iphone.png in Resources */ = {isa = PBXBuildFile; fileRef = 3088BBBC154F3926009F9C59 /* Default~iphone.png */; };
		308D05371370CCF300D202BF /* icon-72.png in Resources */ = {isa = PBXBuildFile; fileRef = 308D052E1370CCF300D202BF /* icon-72.png */; };
		308D05381370CCF300D202BF /* icon.png in Resources */ = {isa = PBXBuildFile; fileRef = 308D052F1370CCF300D202BF /* icon.png */; };
		308D05391370CCF300D202BF /* icon@2x.png in Resources */ = {isa = PBXBuildFile; fileRef = 308D05301370CCF300D202BF /* icon@2x.png */; };
		30B4F30019D5E07200D9F7D8 /* Default-667h.png in Resources */ = {isa = PBXBuildFile; fileRef = 30B4F2FD19D5E07200D9F7D8 /* Default-667h.png */; };
		30B4F30119D5E07200D9F7D8 /* Default-736h.png in Resources */ = {isa = PBXBuildFile; fileRef = 30B4F2FE19D5E07200D9F7D8 /* Default-736h.png */; };
		30B4F30219D5E07200D9F7D8 /* Default-Landscape-736h.png in Resources */ = {isa = PBXBuildFile; fileRef = 30B4F2FF19D5E07200D9F7D8 /* Default-Landscape-736h.png */; };
		30C1856619D5FC0A00212699 /* icon-60@3x.png in Resources */ = {isa = PBXBuildFile; fileRef = 30C1856519D5FC0A00212699 /* icon-60@3x.png */; };
		30FC414916E50CA1004E6F35 /* icon-72@2x.png in Resources */ = {isa = PBXBuildFile; fileRef = 30FC414816E50CA1004E6F35 /* icon-72@2x.png */; };
		5B1594DD16A7569C00FEF299 /* AssetsLibrary.framework in Frameworks */ = {isa = PBXBuildFile; fileRef = 5B1594DC16A7569C00FEF299 /* AssetsLibrary.framework */; };
		7E7966DE1810823500FA85AD /* icon-40.png in Resources */ = {isa = PBXBuildFile; fileRef = 7E7966D41810823500FA85AD /* icon-40.png */; };
		7E7966DF1810823500FA85AD /* icon-40@2x.png in Resources */ = {isa = PBXBuildFile; fileRef = 7E7966D51810823500FA85AD /* icon-40@2x.png */; };
		7E7966E01810823500FA85AD /* icon-50.png in Resources */ = {isa = PBXBuildFile; fileRef = 7E7966D61810823500FA85AD /* icon-50.png */; };
		7E7966E11810823500FA85AD /* icon-50@2x.png in Resources */ = {isa = PBXBuildFile; fileRef = 7E7966D71810823500FA85AD /* icon-50@2x.png */; };
		7E7966E21810823500FA85AD /* icon-60.png in Resources */ = {isa = PBXBuildFile; fileRef = 7E7966D81810823500FA85AD /* icon-60.png */; };
		7E7966E31810823500FA85AD /* icon-60@2x.png in Resources */ = {isa = PBXBuildFile; fileRef = 7E7966D91810823500FA85AD /* icon-60@2x.png */; };
		7E7966E41810823500FA85AD /* icon-76.png in Resources */ = {isa = PBXBuildFile; fileRef = 7E7966DA1810823500FA85AD /* icon-76.png */; };
		7E7966E51810823500FA85AD /* icon-76@2x.png in Resources */ = {isa = PBXBuildFile; fileRef = 7E7966DB1810823500FA85AD /* icon-76@2x.png */; };
		7E7966E61810823500FA85AD /* icon-small.png in Resources */ = {isa = PBXBuildFile; fileRef = 7E7966DC1810823500FA85AD /* icon-small.png */; };
		7E7966E71810823500FA85AD /* icon-small@2x.png in Resources */ = {isa = PBXBuildFile; fileRef = 7E7966DD1810823500FA85AD /* icon-small@2x.png */; };
		D4A0D8761607E02300AEF8BB /* Default-568h@2x~iphone.png in Resources */ = {isa = PBXBuildFile; fileRef = D4A0D8751607E02300AEF8BB /* Default-568h@2x~iphone.png */; };
		BB032EA09EF042BE83E4C9F1 /* CDVLogger.m in Sources */ = {isa = PBXBuildFile; fileRef = FF943106A468459B94BFB8D1 /* CDVLogger.m */; };
		7F862FCF1D49413EBFDF8589 /* CDVStatusBar.m in Sources */ = {isa = PBXBuildFile; fileRef = F8AE405E3FD14D84AFC426CC /* CDVStatusBar.m */; };
		14D849148A214C76A5C36BE0 /* CDVSplashScreen.m in Sources */ = {isa = PBXBuildFile; fileRef = 10B2DF85A15742D4B955ABBF /* CDVSplashScreen.m */; };
		5759E14A6AC843E2BF147244 /* CDVViewController+SplashScreen.m in Sources */ = {isa = PBXBuildFile; fileRef = 427E3319DF3847669AA23A72 /* CDVViewController+SplashScreen.m */; };
		829D14A6BC5F4F31A0A3ACA4 /* IonicKeyboard.m in Sources */ = {isa = PBXBuildFile; fileRef = 5A78FEE4530140BCB7BB0BFA /* IonicKeyboard.m */; };
		67269BC29F644322A178FB6D /* UIWebViewExtension.m in Sources */ = {isa = PBXBuildFile; fileRef = 2830E8C234DC44B48D4BEA9A /* UIWebViewExtension.m */; };
		29EA3172F9C443338616C0E6 /* CDVDevice.m in Sources */ = {isa = PBXBuildFile; fileRef = E5D76E51FA974778846609AB /* CDVDevice.m */; };
		2BC2E75AB69F4791B5F10DCE /* AppDelegate+notification.m in Sources */ = {isa = PBXBuildFile; fileRef = 8E467026F32E4F2BBCAB05F4 /* AppDelegate+notification.m */; };
		E77878A2EF904BD79645F43A /* PushPlugin.m in Sources */ = {isa = PBXBuildFile; fileRef = 68D167B0B2994B5D9E422D5C /* PushPlugin.m */; };
		4A8D45D4A7DC4D3F95ADE1CC /* libGGLCloudMessaging.a in Frameworks */ = {isa = PBXBuildFile; fileRef = 60E7953073ED4B4486547863 /* libGGLCloudMessaging.a */; };
		9B308DB3C36A4C80A0D13827 /* libGGLCore.a in Frameworks */ = {isa = PBXBuildFile; fileRef = 2E43307EC31E4AD9A2C39F25 /* libGGLCore.a */; };
		02BA2265156B4901AA8345B4 /* libGGLInstanceIDLib.a in Frameworks */ = {isa = PBXBuildFile; fileRef = 2F8E2017F2704C6F89275E46 /* libGGLInstanceIDLib.a */; };
		B6746793B16846438006A72F /* libGIP_Reachability.a in Frameworks */ = {isa = PBXBuildFile; fileRef = B4B550009D254A12BFEA2B27 /* libGIP_Reachability.a */; };
		44D64C15F32F49D3AEC80F7D /* libGSDK_Overload.a in Frameworks */ = {isa = PBXBuildFile; fileRef = CC1262E11D664BCB9A8044F7 /* libGSDK_Overload.a */; };
		3376A53051FD47DD989BA124 /* libGTMSessionFetcher_core.a in Frameworks */ = {isa = PBXBuildFile; fileRef = 29CFFE240D6E4EA28039AB4A /* libGTMSessionFetcher_core.a */; };
		1282AA5A33464D42A576020E /* libGTMSessionFetcher_full.a in Frameworks */ = {isa = PBXBuildFile; fileRef = E711854B6278421496260F1B /* libGTMSessionFetcher_full.a */; };
		46972E2A63794EEA85CE0CA8 /* libGTMStackTrace.a in Frameworks */ = {isa = PBXBuildFile; fileRef = 54C7C9E1081E4C73BE6FCD3F /* libGTMStackTrace.a */; };
		FFADA09FBB0B4485AE1CC880 /* libGTM_AddressBook.a in Frameworks */ = {isa = PBXBuildFile; fileRef = DB8CC3D338DA44B68B1BDD9B /* libGTM_AddressBook.a */; };
		D3557570F3B54D518F224F48 /* libGTM_DebugUtils.a in Frameworks */ = {isa = PBXBuildFile; fileRef = CE961F94405F44159AD6687B /* libGTM_DebugUtils.a */; };
		0E27F5F0D50E4D24A698C9CF /* libGTM_GTMURLBuilder.a in Frameworks */ = {isa = PBXBuildFile; fileRef = BD3D897C33CF4E9991D69B1D /* libGTM_GTMURLBuilder.a */; };
		1430A0DD6ECC47EBA7B1BA78 /* libGTM_KVO.a in Frameworks */ = {isa = PBXBuildFile; fileRef = 1EE01CCEFAD14BE2B75CDFCC /* libGTM_KVO.a */; };
		A72E35F0E28D45ACBAACC0BD /* libGTM_NSData+zlib.a in Frameworks */ = {isa = PBXBuildFile; fileRef = 487BCDBB3C2A48A6BA68BA23 /* libGTM_NSData+zlib.a */; };
		26966B983FA8413BB1885B0B /* libGTM_NSDictionary+URLArguments.a in Frameworks */ = {isa = PBXBuildFile; fileRef = 840A6DCC60F54D2EB123A4F5 /* libGTM_NSDictionary+URLArguments.a */; };
		A19177248D5B477B841F79A2 /* libGTM_NSScannerJSON.a in Frameworks */ = {isa = PBXBuildFile; fileRef = E6F47CBECAAA49A5B66AD32B /* libGTM_NSScannerJSON.a */; };
		C0AEC5803D5E4D50A495FD4B /* libGTM_NSStringHTML.a in Frameworks */ = {isa = PBXBuildFile; fileRef = C7827711DF6E41FC8E279374 /* libGTM_NSStringHTML.a */; };
		751491EEB33D42DFB2F17EC8 /* libGTM_NSStringXML.a in Frameworks */ = {isa = PBXBuildFile; fileRef = 276BDBD103BB4066B06C695A /* libGTM_NSStringXML.a */; };
		CA98A6DA6C9249CF82DF7024 /* libGTM_Regex.a in Frameworks */ = {isa = PBXBuildFile; fileRef = B019E596EE144A1C9F3CB733 /* libGTM_Regex.a */; };
		3412DF189C3D45389EE51A17 /* libGTM_RoundedRectPath.a in Frameworks */ = {isa = PBXBuildFile; fileRef = 5CB3CE9B8E224BF18FA2D234 /* libGTM_RoundedRectPath.a */; };
		E5FA69B3B60244F79F2A1B44 /* libGTM_StringEncoding.a in Frameworks */ = {isa = PBXBuildFile; fileRef = 4D890AAAB0E546F4AB99CAAD /* libGTM_StringEncoding.a */; };
		7A0B8BDCB3A245259F359CD6 /* libGTM_SystemVersion.a in Frameworks */ = {isa = PBXBuildFile; fileRef = 92D6B8858BA74C2D84725E89 /* libGTM_SystemVersion.a */; };
		E14656633A434BE49356197D /* libGTM_UIFont+LineHeight.a in Frameworks */ = {isa = PBXBuildFile; fileRef = 05F9A51E19814545B0291DAA /* libGTM_UIFont+LineHeight.a */; };
		604C4910CFCD4BAD870B7D07 /* libGTM_core.a in Frameworks */ = {isa = PBXBuildFile; fileRef = AE42C5B0AFE34823B6B17E5F /* libGTM_core.a */; };
		4C76B7EC1A3A4EBFA45BDE07 /* libGTM_iPhone.a in Frameworks */ = {isa = PBXBuildFile; fileRef = 265DBDA19CF24D7C80B9B271 /* libGTM_iPhone.a */; };
		D0781A1E16BD4287B59C4EFE /* libGcmLib.a in Frameworks */ = {isa = PBXBuildFile; fileRef = 6838CFE2987C4305AB77EDF9 /* libGcmLib.a */; };
		4C5AFFED5C6744AEA342B7C8 /* libProtocolBuffers.a in Frameworks */ = {isa = PBXBuildFile; fileRef = D4DEC58E0A944E049ED7A42F /* libProtocolBuffers.a */; };
		828DCDAC1B0B4D3DBBCB9655 /* AddressBook.framework in Frameworks */ = {isa = PBXBuildFile; fileRef = E37FFA7561FD4519BF61908B /* AddressBook.framework */; };
		A820802A21104A5680C665CB /* libsqlite3.tbd in Resources */ = {isa = PBXBuildFile; fileRef = E1FA2F7382324E1386AA9F8F /* libsqlite3.tbd */; };
		F8D06240FC7149548ABDC35D /* libz.tbd in Resources */ = {isa = PBXBuildFile; fileRef = BA522838C90B483581DCA690 /* libz.tbd */; };
/* End PBXBuildFile section */

/* Begin PBXContainerItemProxy section */
		301BF534109A57CC0062928A /* PBXContainerItemProxy */ = {
			isa = PBXContainerItemProxy;
			containerPortal = 301BF52D109A57CC0062928A /* CordovaLib.xcodeproj */;
			proxyType = 2;
			remoteGlobalIDString = D2AAC07E0554694100DB518D;
			remoteInfo = CordovaLib;
		};
		301BF550109A68C00062928A /* PBXContainerItemProxy */ = {
			isa = PBXContainerItemProxy;
			containerPortal = 301BF52D109A57CC0062928A /* CordovaLib.xcodeproj */;
			proxyType = 1;
			remoteGlobalIDString = D2AAC07D0554694100DB518D;
			remoteInfo = CordovaLib;
		};
/* End PBXContainerItemProxy section */

/* Begin PBXFileReference section */
		1D3623240D0F684500981E51 /* AppDelegate.h */ = {isa = PBXFileReference; fileEncoding = 4; lastKnownFileType = sourcecode.c.h; path = AppDelegate.h; sourceTree = "<group>"; };
		1D3623250D0F684500981E51 /* AppDelegate.m */ = {isa = PBXFileReference; fileEncoding = 4; lastKnownFileType = sourcecode.c.objc; path = AppDelegate.m; sourceTree = "<group>"; };
		1D6058910D05DD3D006BFB54 /* pushbudget.app */ = {isa = PBXFileReference; explicitFileType = wrapper.application; includeInIndex = 0; path = "pushbudget.app"; sourceTree = BUILT_PRODUCTS_DIR; };
		1F766FDD13BBADB100FB74C0 /* en */ = {isa = PBXFileReference; lastKnownFileType = text.plist.strings; name = en; path = Localizable.strings; sourceTree = "<group>"; };
		1F766FE013BBADB100FB74C0 /* es */ = {isa = PBXFileReference; lastKnownFileType = text.plist.strings; name = es; path = Localizable.strings; sourceTree = "<group>"; };
		288765FC0DF74451002DB57D /* CoreGraphics.framework */ = {isa = PBXFileReference; lastKnownFileType = wrapper.framework; name = CoreGraphics.framework; path = System/Library/Frameworks/CoreGraphics.framework; sourceTree = SDKROOT; };
		29B97316FDCFA39411CA2CEA /* main.m */ = {isa = PBXFileReference; fileEncoding = 4; lastKnownFileType = sourcecode.c.objc; path = main.m; sourceTree = "<group>"; };
		301BF52D109A57CC0062928A /* CordovaLib.xcodeproj */ = {isa = PBXFileReference; lastKnownFileType = "wrapper.pb-project"; name = CordovaLib.xcodeproj; path = CordovaLib/CordovaLib.xcodeproj; sourceTree = "<group>"; };
		301BF56E109A69640062928A /* www */ = {isa = PBXFileReference; lastKnownFileType = folder; path = www; sourceTree = SOURCE_ROOT; };
		302D95EE14D2391D003F00A1 /* MainViewController.h */ = {isa = PBXFileReference; fileEncoding = 4; lastKnownFileType = sourcecode.c.h; path = MainViewController.h; sourceTree = "<group>"; };
		302D95EF14D2391D003F00A1 /* MainViewController.m */ = {isa = PBXFileReference; fileEncoding = 4; lastKnownFileType = sourcecode.c.objc; path = MainViewController.m; sourceTree = "<group>"; };
		302D95F014D2391D003F00A1 /* MainViewController.xib */ = {isa = PBXFileReference; fileEncoding = 4; lastKnownFileType = file.xib; path = MainViewController.xib; sourceTree = "<group>"; };
		305D5FD0115AB8F900A74A75 /* MobileCoreServices.framework */ = {isa = PBXFileReference; lastKnownFileType = wrapper.framework; name = MobileCoreServices.framework; path = System/Library/Frameworks/MobileCoreServices.framework; sourceTree = SDKROOT; };
		3088BBB7154F3926009F9C59 /* Default-Landscape@2x~ipad.png */ = {isa = PBXFileReference; lastKnownFileType = image.png; path = "Default-Landscape@2x~ipad.png"; sourceTree = "<group>"; };
		3088BBB8154F3926009F9C59 /* Default-Landscape~ipad.png */ = {isa = PBXFileReference; lastKnownFileType = image.png; path = "Default-Landscape~ipad.png"; sourceTree = "<group>"; };
		3088BBB9154F3926009F9C59 /* Default-Portrait@2x~ipad.png */ = {isa = PBXFileReference; lastKnownFileType = image.png; path = "Default-Portrait@2x~ipad.png"; sourceTree = "<group>"; };
		3088BBBA154F3926009F9C59 /* Default-Portrait~ipad.png */ = {isa = PBXFileReference; lastKnownFileType = image.png; path = "Default-Portrait~ipad.png"; sourceTree = "<group>"; };
		3088BBBB154F3926009F9C59 /* Default@2x~iphone.png */ = {isa = PBXFileReference; lastKnownFileType = image.png; path = "Default@2x~iphone.png"; sourceTree = "<group>"; };
		3088BBBC154F3926009F9C59 /* Default~iphone.png */ = {isa = PBXFileReference; lastKnownFileType = image.png; path = "Default~iphone.png"; sourceTree = "<group>"; };
		308D052E1370CCF300D202BF /* icon-72.png */ = {isa = PBXFileReference; lastKnownFileType = image.png; path = "icon-72.png"; sourceTree = "<group>"; };
		308D052F1370CCF300D202BF /* icon.png */ = {isa = PBXFileReference; lastKnownFileType = image.png; path = icon.png; sourceTree = "<group>"; };
		308D05301370CCF300D202BF /* icon@2x.png */ = {isa = PBXFileReference; lastKnownFileType = image.png; path = "icon@2x.png"; sourceTree = "<group>"; };
		30B4F2FD19D5E07200D9F7D8 /* Default-667h.png */ = {isa = PBXFileReference; lastKnownFileType = image.png; path = "Default-667h.png"; sourceTree = "<group>"; };
		30B4F2FE19D5E07200D9F7D8 /* Default-736h.png */ = {isa = PBXFileReference; lastKnownFileType = image.png; path = "Default-736h.png"; sourceTree = "<group>"; };
		30B4F2FF19D5E07200D9F7D8 /* Default-Landscape-736h.png */ = {isa = PBXFileReference; lastKnownFileType = image.png; path = "Default-Landscape-736h.png"; sourceTree = "<group>"; };
		30C1856519D5FC0A00212699 /* icon-60@3x.png */ = {isa = PBXFileReference; lastKnownFileType = image.png; path = "icon-60@3x.png"; sourceTree = "<group>"; };
		30FC414816E50CA1004E6F35 /* icon-72@2x.png */ = {isa = PBXFileReference; lastKnownFileType = image.png; path = "icon-72@2x.png"; sourceTree = "<group>"; };
		32CA4F630368D1EE00C91783 /* pushbudget-Prefix.pch */ = {isa = PBXFileReference; fileEncoding = 4; lastKnownFileType = sourcecode.c.h; path = "pushbudget-Prefix.pch"; sourceTree = "<group>"; };
		5B1594DC16A7569C00FEF299 /* AssetsLibrary.framework */ = {isa = PBXFileReference; lastKnownFileType = wrapper.framework; name = AssetsLibrary.framework; path = System/Library/Frameworks/AssetsLibrary.framework; sourceTree = SDKROOT; };
		7E7966D41810823500FA85AD /* icon-40.png */ = {isa = PBXFileReference; lastKnownFileType = image.png; path = "icon-40.png"; sourceTree = "<group>"; };
		7E7966D51810823500FA85AD /* icon-40@2x.png */ = {isa = PBXFileReference; lastKnownFileType = image.png; path = "icon-40@2x.png"; sourceTree = "<group>"; };
		7E7966D61810823500FA85AD /* icon-50.png */ = {isa = PBXFileReference; lastKnownFileType = image.png; path = "icon-50.png"; sourceTree = "<group>"; };
		7E7966D71810823500FA85AD /* icon-50@2x.png */ = {isa = PBXFileReference; lastKnownFileType = image.png; path = "icon-50@2x.png"; sourceTree = "<group>"; };
		7E7966D81810823500FA85AD /* icon-60.png */ = {isa = PBXFileReference; lastKnownFileType = image.png; path = "icon-60.png"; sourceTree = "<group>"; };
		7E7966D91810823500FA85AD /* icon-60@2x.png */ = {isa = PBXFileReference; lastKnownFileType = image.png; path = "icon-60@2x.png"; sourceTree = "<group>"; };
		7E7966DA1810823500FA85AD /* icon-76.png */ = {isa = PBXFileReference; lastKnownFileType = image.png; path = "icon-76.png"; sourceTree = "<group>"; };
		7E7966DB1810823500FA85AD /* icon-76@2x.png */ = {isa = PBXFileReference; lastKnownFileType = image.png; path = "icon-76@2x.png"; sourceTree = "<group>"; };
		7E7966DC1810823500FA85AD /* icon-small.png */ = {isa = PBXFileReference; lastKnownFileType = image.png; path = "icon-small.png"; sourceTree = "<group>"; };
		7E7966DD1810823500FA85AD /* icon-small@2x.png */ = {isa = PBXFileReference; lastKnownFileType = image.png; path = "icon-small@2x.png"; sourceTree = "<group>"; };
		8D1107310486CEB800E47090 /* pushbudget-Info.plist */ = {isa = PBXFileReference; fileEncoding = 4; lastKnownFileType = text.plist.xml; name = "pushbudget-Info.plist"; path = "../pushbudget-Info.plist"; plistStructureDefinitionIdentifier = "com.apple.xcode.plist.structure-definition.iphone.info-plist"; sourceTree = "<group>"; };
		D4A0D8751607E02300AEF8BB /* Default-568h@2x~iphone.png */ = {isa = PBXFileReference; lastKnownFileType = image.png; path = "Default-568h@2x~iphone.png"; sourceTree = "<group>"; };
		EB87FDF21871DA7A0020F90C /* merges */ = {isa = PBXFileReference; lastKnownFileType = folder; name = merges; path = ../../merges; sourceTree = "<group>"; };
		EB87FDF31871DA8E0020F90C /* www */ = {isa = PBXFileReference; lastKnownFileType = folder; name = www; path = ../../www; sourceTree = "<group>"; };
		EB87FDF41871DAF40020F90C /* config.xml */ = {isa = PBXFileReference; lastKnownFileType = text.xml; name = config.xml; path = ../../config.xml; sourceTree = "<group>"; };
		F840E1F0165FE0F500CFE078 /* config.xml */ = {isa = PBXFileReference; lastKnownFileType = text.xml; name = config.xml; path = "pushbudget/config.xml"; sourceTree = "<group>"; };
		FF943106A468459B94BFB8D1 /* CDVLogger.m */ = {isa = PBXFileReference; lastKnownFileType = sourcecode.c.objc; name = "CDVLogger.m"; path = "cordova-plugin-console/CDVLogger.m"; sourceTree = "<group>"; fileEncoding = 4; };
		7458C23B3DEC4C0BA3C02652 /* CDVLogger.h */ = {isa = PBXFileReference; lastKnownFileType = sourcecode.c.h; name = "CDVLogger.h"; path = "cordova-plugin-console/CDVLogger.h"; sourceTree = "<group>"; fileEncoding = 4; };
		F8AE405E3FD14D84AFC426CC /* CDVStatusBar.m */ = {isa = PBXFileReference; lastKnownFileType = sourcecode.c.objc; name = "CDVStatusBar.m"; path = "cordova-plugin-statusbar/CDVStatusBar.m"; sourceTree = "<group>"; fileEncoding = 4; };
		5D7AE42AB8F2494993DAB20A /* CDVStatusBar.h */ = {isa = PBXFileReference; lastKnownFileType = sourcecode.c.h; name = "CDVStatusBar.h"; path = "cordova-plugin-statusbar/CDVStatusBar.h"; sourceTree = "<group>"; fileEncoding = 4; };
		10B2DF85A15742D4B955ABBF /* CDVSplashScreen.m */ = {isa = PBXFileReference; lastKnownFileType = sourcecode.c.objc; name = "CDVSplashScreen.m"; path = "cordova-plugin-splashscreen/CDVSplashScreen.m"; sourceTree = "<group>"; fileEncoding = 4; };
		427E3319DF3847669AA23A72 /* CDVViewController+SplashScreen.m */ = {isa = PBXFileReference; lastKnownFileType = sourcecode.c.objc; name = "CDVViewController+SplashScreen.m"; path = "cordova-plugin-splashscreen/CDVViewController+SplashScreen.m"; sourceTree = "<group>"; fileEncoding = 4; };
		B9C4265E31664006BEE16EC9 /* CDVSplashScreen.h */ = {isa = PBXFileReference; lastKnownFileType = sourcecode.c.h; name = "CDVSplashScreen.h"; path = "cordova-plugin-splashscreen/CDVSplashScreen.h"; sourceTree = "<group>"; fileEncoding = 4; };
		12BDDC51813E417181893980 /* CDVViewController+SplashScreen.h */ = {isa = PBXFileReference; lastKnownFileType = sourcecode.c.h; name = "CDVViewController+SplashScreen.h"; path = "cordova-plugin-splashscreen/CDVViewController+SplashScreen.h"; sourceTree = "<group>"; fileEncoding = 4; };
		5A78FEE4530140BCB7BB0BFA /* IonicKeyboard.m */ = {isa = PBXFileReference; lastKnownFileType = sourcecode.c.objc; name = "IonicKeyboard.m"; path = "ionic-plugin-keyboard/IonicKeyboard.m"; sourceTree = "<group>"; fileEncoding = 4; };
		2830E8C234DC44B48D4BEA9A /* UIWebViewExtension.m */ = {isa = PBXFileReference; lastKnownFileType = sourcecode.c.objc; name = "UIWebViewExtension.m"; path = "ionic-plugin-keyboard/UIWebViewExtension.m"; sourceTree = "<group>"; fileEncoding = 4; };
		04FCBC887DB0446FAFB0BBFF /* IonicKeyboard.h */ = {isa = PBXFileReference; lastKnownFileType = sourcecode.c.h; name = "IonicKeyboard.h"; path = "ionic-plugin-keyboard/IonicKeyboard.h"; sourceTree = "<group>"; fileEncoding = 4; };
		744B707DC51C474BA1A2DAF7 /* UIWebViewExtension.h */ = {isa = PBXFileReference; lastKnownFileType = sourcecode.c.h; name = "UIWebViewExtension.h"; path = "ionic-plugin-keyboard/UIWebViewExtension.h"; sourceTree = "<group>"; fileEncoding = 4; };
		E5D76E51FA974778846609AB /* CDVDevice.m */ = {isa = PBXFileReference; lastKnownFileType = sourcecode.c.objc; name = "CDVDevice.m"; path = "cordova-plugin-device/CDVDevice.m"; sourceTree = "<group>"; fileEncoding = 4; };
		34BC8A24CB57446FA67473B5 /* CDVDevice.h */ = {isa = PBXFileReference; lastKnownFileType = sourcecode.c.h; name = "CDVDevice.h"; path = "cordova-plugin-device/CDVDevice.h"; sourceTree = "<group>"; fileEncoding = 4; };
		8E467026F32E4F2BBCAB05F4 /* AppDelegate+notification.m */ = {isa = PBXFileReference; lastKnownFileType = sourcecode.c.objc; name = "AppDelegate+notification.m"; path = "phonegap-plugin-push/AppDelegate+notification.m"; sourceTree = "<group>"; fileEncoding = 4; };
		68D167B0B2994B5D9E422D5C /* PushPlugin.m */ = {isa = PBXFileReference; lastKnownFileType = sourcecode.c.objc; name = "PushPlugin.m"; path = "phonegap-plugin-push/PushPlugin.m"; sourceTree = "<group>"; fileEncoding = 4; };
		60E7953073ED4B4486547863 /* libGGLCloudMessaging.a */ = {isa = PBXFileReference; lastKnownFileType = archive.ar; name = "libGGLCloudMessaging.a"; path = "pushbudget/Plugins/phonegap-plugin-push/GCM/Libraries/libGGLCloudMessaging.a"; sourceTree = "<group>"; fileEncoding = 4; };
		2E43307EC31E4AD9A2C39F25 /* libGGLCore.a */ = {isa = PBXFileReference; lastKnownFileType = archive.ar; name = "libGGLCore.a"; path = "pushbudget/Plugins/phonegap-plugin-push/GCM/Libraries/libGGLCore.a"; sourceTree = "<group>"; fileEncoding = 4; };
		2F8E2017F2704C6F89275E46 /* libGGLInstanceIDLib.a */ = {isa = PBXFileReference; lastKnownFileType = archive.ar; name = "libGGLInstanceIDLib.a"; path = "pushbudget/Plugins/phonegap-plugin-push/GCM/Libraries/libGGLInstanceIDLib.a"; sourceTree = "<group>"; fileEncoding = 4; };
		B4B550009D254A12BFEA2B27 /* libGIP_Reachability.a */ = {isa = PBXFileReference; lastKnownFileType = archive.ar; name = "libGIP_Reachability.a"; path = "pushbudget/Plugins/phonegap-plugin-push/GCM/Libraries/libGIP_Reachability.a"; sourceTree = "<group>"; fileEncoding = 4; };
		CC1262E11D664BCB9A8044F7 /* libGSDK_Overload.a */ = {isa = PBXFileReference; lastKnownFileType = archive.ar; name = "libGSDK_Overload.a"; path = "pushbudget/Plugins/phonegap-plugin-push/GCM/Libraries/libGSDK_Overload.a"; sourceTree = "<group>"; fileEncoding = 4; };
		29CFFE240D6E4EA28039AB4A /* libGTMSessionFetcher_core.a */ = {isa = PBXFileReference; lastKnownFileType = archive.ar; name = "libGTMSessionFetcher_core.a"; path = "pushbudget/Plugins/phonegap-plugin-push/GCM/Libraries/libGTMSessionFetcher_core.a"; sourceTree = "<group>"; fileEncoding = 4; };
		E711854B6278421496260F1B /* libGTMSessionFetcher_full.a */ = {isa = PBXFileReference; lastKnownFileType = archive.ar; name = "libGTMSessionFetcher_full.a"; path = "pushbudget/Plugins/phonegap-plugin-push/GCM/Libraries/libGTMSessionFetcher_full.a"; sourceTree = "<group>"; fileEncoding = 4; };
		54C7C9E1081E4C73BE6FCD3F /* libGTMStackTrace.a */ = {isa = PBXFileReference; lastKnownFileType = archive.ar; name = "libGTMStackTrace.a"; path = "pushbudget/Plugins/phonegap-plugin-push/GCM/Libraries/libGTMStackTrace.a"; sourceTree = "<group>"; fileEncoding = 4; };
		DB8CC3D338DA44B68B1BDD9B /* libGTM_AddressBook.a */ = {isa = PBXFileReference; lastKnownFileType = archive.ar; name = "libGTM_AddressBook.a"; path = "pushbudget/Plugins/phonegap-plugin-push/GCM/Libraries/libGTM_AddressBook.a"; sourceTree = "<group>"; fileEncoding = 4; };
		CE961F94405F44159AD6687B /* libGTM_DebugUtils.a */ = {isa = PBXFileReference; lastKnownFileType = archive.ar; name = "libGTM_DebugUtils.a"; path = "pushbudget/Plugins/phonegap-plugin-push/GCM/Libraries/libGTM_DebugUtils.a"; sourceTree = "<group>"; fileEncoding = 4; };
		BD3D897C33CF4E9991D69B1D /* libGTM_GTMURLBuilder.a */ = {isa = PBXFileReference; lastKnownFileType = archive.ar; name = "libGTM_GTMURLBuilder.a"; path = "pushbudget/Plugins/phonegap-plugin-push/GCM/Libraries/libGTM_GTMURLBuilder.a"; sourceTree = "<group>"; fileEncoding = 4; };
		1EE01CCEFAD14BE2B75CDFCC /* libGTM_KVO.a */ = {isa = PBXFileReference; lastKnownFileType = archive.ar; name = "libGTM_KVO.a"; path = "pushbudget/Plugins/phonegap-plugin-push/GCM/Libraries/libGTM_KVO.a"; sourceTree = "<group>"; fileEncoding = 4; };
		487BCDBB3C2A48A6BA68BA23 /* libGTM_NSData+zlib.a */ = {isa = PBXFileReference; lastKnownFileType = archive.ar; name = "libGTM_NSData+zlib.a"; path = "pushbudget/Plugins/phonegap-plugin-push/GCM/Libraries/libGTM_NSData+zlib.a"; sourceTree = "<group>"; fileEncoding = 4; };
		840A6DCC60F54D2EB123A4F5 /* libGTM_NSDictionary+URLArguments.a */ = {isa = PBXFileReference; lastKnownFileType = archive.ar; name = "libGTM_NSDictionary+URLArguments.a"; path = "pushbudget/Plugins/phonegap-plugin-push/GCM/Libraries/libGTM_NSDictionary+URLArguments.a"; sourceTree = "<group>"; fileEncoding = 4; };
		E6F47CBECAAA49A5B66AD32B /* libGTM_NSScannerJSON.a */ = {isa = PBXFileReference; lastKnownFileType = archive.ar; name = "libGTM_NSScannerJSON.a"; path = "pushbudget/Plugins/phonegap-plugin-push/GCM/Libraries/libGTM_NSScannerJSON.a"; sourceTree = "<group>"; fileEncoding = 4; };
		C7827711DF6E41FC8E279374 /* libGTM_NSStringHTML.a */ = {isa = PBXFileReference; lastKnownFileType = archive.ar; name = "libGTM_NSStringHTML.a"; path = "pushbudget/Plugins/phonegap-plugin-push/GCM/Libraries/libGTM_NSStringHTML.a"; sourceTree = "<group>"; fileEncoding = 4; };
		276BDBD103BB4066B06C695A /* libGTM_NSStringXML.a */ = {isa = PBXFileReference; lastKnownFileType = archive.ar; name = "libGTM_NSStringXML.a"; path = "pushbudget/Plugins/phonegap-plugin-push/GCM/Libraries/libGTM_NSStringXML.a"; sourceTree = "<group>"; fileEncoding = 4; };
		B019E596EE144A1C9F3CB733 /* libGTM_Regex.a */ = {isa = PBXFileReference; lastKnownFileType = archive.ar; name = "libGTM_Regex.a"; path = "pushbudget/Plugins/phonegap-plugin-push/GCM/Libraries/libGTM_Regex.a"; sourceTree = "<group>"; fileEncoding = 4; };
		5CB3CE9B8E224BF18FA2D234 /* libGTM_RoundedRectPath.a */ = {isa = PBXFileReference; lastKnownFileType = archive.ar; name = "libGTM_RoundedRectPath.a"; path = "pushbudget/Plugins/phonegap-plugin-push/GCM/Libraries/libGTM_RoundedRectPath.a"; sourceTree = "<group>"; fileEncoding = 4; };
		4D890AAAB0E546F4AB99CAAD /* libGTM_StringEncoding.a */ = {isa = PBXFileReference; lastKnownFileType = archive.ar; name = "libGTM_StringEncoding.a"; path = "pushbudget/Plugins/phonegap-plugin-push/GCM/Libraries/libGTM_StringEncoding.a"; sourceTree = "<group>"; fileEncoding = 4; };
		92D6B8858BA74C2D84725E89 /* libGTM_SystemVersion.a */ = {isa = PBXFileReference; lastKnownFileType = archive.ar; name = "libGTM_SystemVersion.a"; path = "pushbudget/Plugins/phonegap-plugin-push/GCM/Libraries/libGTM_SystemVersion.a"; sourceTree = "<group>"; fileEncoding = 4; };
		05F9A51E19814545B0291DAA /* libGTM_UIFont+LineHeight.a */ = {isa = PBXFileReference; lastKnownFileType = archive.ar; name = "libGTM_UIFont+LineHeight.a"; path = "pushbudget/Plugins/phonegap-plugin-push/GCM/Libraries/libGTM_UIFont+LineHeight.a"; sourceTree = "<group>"; fileEncoding = 4; };
		AE42C5B0AFE34823B6B17E5F /* libGTM_core.a */ = {isa = PBXFileReference; lastKnownFileType = archive.ar; name = "libGTM_core.a"; path = "pushbudget/Plugins/phonegap-plugin-push/GCM/Libraries/libGTM_core.a"; sourceTree = "<group>"; fileEncoding = 4; };
		265DBDA19CF24D7C80B9B271 /* libGTM_iPhone.a */ = {isa = PBXFileReference; lastKnownFileType = archive.ar; name = "libGTM_iPhone.a"; path = "pushbudget/Plugins/phonegap-plugin-push/GCM/Libraries/libGTM_iPhone.a"; sourceTree = "<group>"; fileEncoding = 4; };
		6838CFE2987C4305AB77EDF9 /* libGcmLib.a */ = {isa = PBXFileReference; lastKnownFileType = archive.ar; name = "libGcmLib.a"; path = "pushbudget/Plugins/phonegap-plugin-push/GCM/Libraries/libGcmLib.a"; sourceTree = "<group>"; fileEncoding = 4; };
		D4DEC58E0A944E049ED7A42F /* libProtocolBuffers.a */ = {isa = PBXFileReference; lastKnownFileType = archive.ar; name = "libProtocolBuffers.a"; path = "pushbudget/Plugins/phonegap-plugin-push/GCM/Libraries/libProtocolBuffers.a"; sourceTree = "<group>"; fileEncoding = 4; };
		59D1F43C6E1744DAB938C629 /* AppDelegate+notification.h */ = {isa = PBXFileReference; lastKnownFileType = sourcecode.c.h; name = "AppDelegate+notification.h"; path = "phonegap-plugin-push/AppDelegate+notification.h"; sourceTree = "<group>"; fileEncoding = 4; };
		952C27B3974E4FFD9EE50DA4 /* PushPlugin.h */ = {isa = PBXFileReference; lastKnownFileType = sourcecode.c.h; name = "PushPlugin.h"; path = "phonegap-plugin-push/PushPlugin.h"; sourceTree = "<group>"; fileEncoding = 4; };
		255B3F58471E4F0A88527FC3 /* GGLInstanceID.h */ = {isa = PBXFileReference; lastKnownFileType = sourcecode.c.h; name = "GGLInstanceID.h"; path = "phonegap-plugin-push/GCM/Headers/GGLInstanceID.h"; sourceTree = "<group>"; fileEncoding = 4; };
		71647FA078F44ECFAF9CA24E /* GGLInstanceIDConfig.h */ = {isa = PBXFileReference; lastKnownFileType = sourcecode.c.h; name = "GGLInstanceIDConfig.h"; path = "phonegap-plugin-push/GCM/Headers/GGLInstanceIDConfig.h"; sourceTree = "<group>"; fileEncoding = 4; };
		222B47A923DB4AF69D5BA385 /* GGLInstanceIDDelegate.h */ = {isa = PBXFileReference; lastKnownFileType = sourcecode.c.h; name = "GGLInstanceIDDelegate.h"; path = "phonegap-plugin-push/GCM/Headers/GGLInstanceIDDelegate.h"; sourceTree = "<group>"; fileEncoding = 4; };
		388F5FFEC5A142D4B4745D89 /* GGLInstanceIDHeaders.h */ = {isa = PBXFileReference; lastKnownFileType = sourcecode.c.h; name = "GGLInstanceIDHeaders.h"; path = "phonegap-plugin-push/GCM/Headers/GGLInstanceIDHeaders.h"; sourceTree = "<group>"; fileEncoding = 4; };
		12999A37D2224A40814A936A /* CloudMessaging.h */ = {isa = PBXFileReference; lastKnownFileType = sourcecode.c.h; name = "CloudMessaging.h"; path = "phonegap-plugin-push/GCM/Headers/CloudMessaging.h"; sourceTree = "<group>"; fileEncoding = 4; };
		26666EB991784C0B82158033 /* GGLContext+CloudMessaging.h */ = {isa = PBXFileReference; lastKnownFileType = sourcecode.c.h; name = "GGLContext+CloudMessaging.h"; path = "phonegap-plugin-push/GCM/Headers/GGLContext+CloudMessaging.h"; sourceTree = "<group>"; fileEncoding = 4; };
		75962849592C44ADB0341B35 /* Core.h */ = {isa = PBXFileReference; lastKnownFileType = sourcecode.c.h; name = "Core.h"; path = "phonegap-plugin-push/GCM/Headers/Core.h"; sourceTree = "<group>"; fileEncoding = 4; };
		6B7F9DBAEAA64E5080329C23 /* GGLConfiguration.h */ = {isa = PBXFileReference; lastKnownFileType = sourcecode.c.h; name = "GGLConfiguration.h"; path = "phonegap-plugin-push/GCM/Headers/GGLConfiguration.h"; sourceTree = "<group>"; fileEncoding = 4; };
		62A60C384E04419984F2EFDC /* GGLContext.h */ = {isa = PBXFileReference; lastKnownFileType = sourcecode.c.h; name = "GGLContext.h"; path = "phonegap-plugin-push/GCM/Headers/GGLContext.h"; sourceTree = "<group>"; fileEncoding = 4; };
		53C996F17AF6487484892F99 /* GGLErrorCode.h */ = {isa = PBXFileReference; lastKnownFileType = sourcecode.c.h; name = "GGLErrorCode.h"; path = "phonegap-plugin-push/GCM/Headers/GGLErrorCode.h"; sourceTree = "<group>"; fileEncoding = 4; };
		16556A1D7C2041A6A0C47BB0 /* GCMConfig.h */ = {isa = PBXFileReference; lastKnownFileType = sourcecode.c.h; name = "GCMConfig.h"; path = "phonegap-plugin-push/GCM/Headers/GCMConfig.h"; sourceTree = "<group>"; fileEncoding = 4; };
		3CD8DCE345B949FCA8505904 /* GCMPubSub.h */ = {isa = PBXFileReference; lastKnownFileType = sourcecode.c.h; name = "GCMPubSub.h"; path = "phonegap-plugin-push/GCM/Headers/GCMPubSub.h"; sourceTree = "<group>"; fileEncoding = 4; };
		B06E413149F94CB3A89916DF /* GCMReceiverDelegate.h */ = {isa = PBXFileReference; lastKnownFileType = sourcecode.c.h; name = "GCMReceiverDelegate.h"; path = "phonegap-plugin-push/GCM/Headers/GCMReceiverDelegate.h"; sourceTree = "<group>"; fileEncoding = 4; };
		2FD5FA744AF2424983D6BADF /* GCMService.h */ = {isa = PBXFileReference; lastKnownFileType = sourcecode.c.h; name = "GCMService.h"; path = "phonegap-plugin-push/GCM/Headers/GCMService.h"; sourceTree = "<group>"; fileEncoding = 4; };
		58C995F5CFA04EBC99D783A4 /* GoogleCloudMessaging.h */ = {isa = PBXFileReference; lastKnownFileType = sourcecode.c.h; name = "GoogleCloudMessaging.h"; path = "phonegap-plugin-push/GCM/Headers/GoogleCloudMessaging.h"; sourceTree = "<group>"; fileEncoding = 4; };
		E37FFA7561FD4519BF61908B /* AddressBook.framework */ = {isa = PBXFileReference; lastKnownFileType = wrapper.framework; name = "AddressBook.framework"; path = "System/Library/Frameworks/AddressBook.framework"; sourceTree = SDKROOT; fileEncoding = 4; };
		E1FA2F7382324E1386AA9F8F /* libsqlite3.tbd */ = {isa = PBXFileReference; lastKnownFileType = unknown; name = "libsqlite3.tbd"; path = "libsqlite3.tbd"; sourceTree = "<group>"; fileEncoding = 4; };
		BA522838C90B483581DCA690 /* libz.tbd */ = {isa = PBXFileReference; lastKnownFileType = unknown; name = "libz.tbd"; path = "libz.tbd"; sourceTree = "<group>"; fileEncoding = 4; };
/* End PBXFileReference section */

/* Begin PBXFrameworksBuildPhase section */
		1D60588F0D05DD3D006BFB54 /* Frameworks */ = {
			isa = PBXFrameworksBuildPhase;
			buildActionMask = 2147483647;
			files = (
				5B1594DD16A7569C00FEF299 /* AssetsLibrary.framework in Frameworks */,
				301BF552109A68D80062928A /* libCordova.a in Frameworks */,
				288765FD0DF74451002DB57D /* CoreGraphics.framework in Frameworks */,
				305D5FD1115AB8F900A74A75 /* MobileCoreServices.framework in Frameworks */,
				4A8D45D4A7DC4D3F95ADE1CC /* libGGLCloudMessaging.a in Frameworks */,
				9B308DB3C36A4C80A0D13827 /* libGGLCore.a in Frameworks */,
				02BA2265156B4901AA8345B4 /* libGGLInstanceIDLib.a in Frameworks */,
				B6746793B16846438006A72F /* libGIP_Reachability.a in Frameworks */,
				44D64C15F32F49D3AEC80F7D /* libGSDK_Overload.a in Frameworks */,
				3376A53051FD47DD989BA124 /* libGTMSessionFetcher_core.a in Frameworks */,
				1282AA5A33464D42A576020E /* libGTMSessionFetcher_full.a in Frameworks */,
				46972E2A63794EEA85CE0CA8 /* libGTMStackTrace.a in Frameworks */,
				FFADA09FBB0B4485AE1CC880 /* libGTM_AddressBook.a in Frameworks */,
				D3557570F3B54D518F224F48 /* libGTM_DebugUtils.a in Frameworks */,
				0E27F5F0D50E4D24A698C9CF /* libGTM_GTMURLBuilder.a in Frameworks */,
				1430A0DD6ECC47EBA7B1BA78 /* libGTM_KVO.a in Frameworks */,
				A72E35F0E28D45ACBAACC0BD /* libGTM_NSData+zlib.a in Frameworks */,
				26966B983FA8413BB1885B0B /* libGTM_NSDictionary+URLArguments.a in Frameworks */,
				A19177248D5B477B841F79A2 /* libGTM_NSScannerJSON.a in Frameworks */,
				C0AEC5803D5E4D50A495FD4B /* libGTM_NSStringHTML.a in Frameworks */,
				751491EEB33D42DFB2F17EC8 /* libGTM_NSStringXML.a in Frameworks */,
				CA98A6DA6C9249CF82DF7024 /* libGTM_Regex.a in Frameworks */,
				3412DF189C3D45389EE51A17 /* libGTM_RoundedRectPath.a in Frameworks */,
				E5FA69B3B60244F79F2A1B44 /* libGTM_StringEncoding.a in Frameworks */,
				7A0B8BDCB3A245259F359CD6 /* libGTM_SystemVersion.a in Frameworks */,
				E14656633A434BE49356197D /* libGTM_UIFont+LineHeight.a in Frameworks */,
				604C4910CFCD4BAD870B7D07 /* libGTM_core.a in Frameworks */,
				4C76B7EC1A3A4EBFA45BDE07 /* libGTM_iPhone.a in Frameworks */,
				D0781A1E16BD4287B59C4EFE /* libGcmLib.a in Frameworks */,
				4C5AFFED5C6744AEA342B7C8 /* libProtocolBuffers.a in Frameworks */,
				828DCDAC1B0B4D3DBBCB9655 /* AddressBook.framework in Frameworks */,
				A820802A21104A5680C665CB /* libsqlite3.tbd in Resources */,
				F8D06240FC7149548ABDC35D /* libz.tbd in Resources */,
			);
			runOnlyForDeploymentPostprocessing = 0;
		};
/* End PBXFrameworksBuildPhase section */

/* Begin PBXGroup section */
		080E96DDFE201D6D7F000001 /* Classes */ = {
			isa = PBXGroup;
			children = (
				302D95EE14D2391D003F00A1 /* MainViewController.h */,
				302D95EF14D2391D003F00A1 /* MainViewController.m */,
				302D95F014D2391D003F00A1 /* MainViewController.xib */,
				1D3623240D0F684500981E51 /* AppDelegate.h */,
				1D3623250D0F684500981E51 /* AppDelegate.m */,
			);
			name = Classes;
			path = "pushbudget/Classes";
			sourceTree = SOURCE_ROOT;
		};
		19C28FACFE9D520D11CA2CBB /* Products */ = {
			isa = PBXGroup;
			children = (
				1D6058910D05DD3D006BFB54 /* pushbudget.app */,
			);
			name = Products;
			sourceTree = "<group>";
		};
		29B97314FDCFA39411CA2CEA /* CustomTemplate */ = {
			isa = PBXGroup;
			children = (
				EB87FDF41871DAF40020F90C /* config.xml */,
				EB87FDF31871DA8E0020F90C /* www */,
				EB87FDF21871DA7A0020F90C /* merges */,
				EB87FDF11871DA420020F90C /* Staging */,
				301BF52D109A57CC0062928A /* CordovaLib.xcodeproj */,
				080E96DDFE201D6D7F000001 /* Classes */,
				307C750510C5A3420062BCA9 /* Plugins */,
				29B97315FDCFA39411CA2CEA /* Other Sources */,
				29B97317FDCFA39411CA2CEA /* Resources */,
				29B97323FDCFA39411CA2CEA /* Frameworks */,
				19C28FACFE9D520D11CA2CBB /* Products */,
			);
			name = CustomTemplate;
			sourceTree = "<group>";
		};
		29B97315FDCFA39411CA2CEA /* Other Sources */ = {
			isa = PBXGroup;
			children = (
				32CA4F630368D1EE00C91783 /* pushbudget-Prefix.pch */,
				29B97316FDCFA39411CA2CEA /* main.m */,
			);
			name = "Other Sources";
			path = "pushbudget";
			sourceTree = "<group>";
		};
		29B97317FDCFA39411CA2CEA /* Resources */ = {
			isa = PBXGroup;
			children = (
				308D052D1370CCF300D202BF /* icons */,
				308D05311370CCF300D202BF /* splash */,
				8D1107310486CEB800E47090 /* pushbudget-Info.plist */,
			);
			name = Resources;
			path = "pushbudget/Resources";
			sourceTree = "<group>";
		};
		29B97323FDCFA39411CA2CEA /* Frameworks */ = {
			isa = PBXGroup;
			children = (
				5B1594DC16A7569C00FEF299 /* AssetsLibrary.framework */,
				288765FC0DF74451002DB57D /* CoreGraphics.framework */,
				305D5FD0115AB8F900A74A75 /* MobileCoreServices.framework */,
				60E7953073ED4B4486547863 /* libGGLCloudMessaging.a */,
				2E43307EC31E4AD9A2C39F25 /* libGGLCore.a */,
				2F8E2017F2704C6F89275E46 /* libGGLInstanceIDLib.a */,
				B4B550009D254A12BFEA2B27 /* libGIP_Reachability.a */,
				CC1262E11D664BCB9A8044F7 /* libGSDK_Overload.a */,
				29CFFE240D6E4EA28039AB4A /* libGTMSessionFetcher_core.a */,
				E711854B6278421496260F1B /* libGTMSessionFetcher_full.a */,
				54C7C9E1081E4C73BE6FCD3F /* libGTMStackTrace.a */,
				DB8CC3D338DA44B68B1BDD9B /* libGTM_AddressBook.a */,
				CE961F94405F44159AD6687B /* libGTM_DebugUtils.a */,
				BD3D897C33CF4E9991D69B1D /* libGTM_GTMURLBuilder.a */,
				1EE01CCEFAD14BE2B75CDFCC /* libGTM_KVO.a */,
				487BCDBB3C2A48A6BA68BA23 /* libGTM_NSData+zlib.a */,
				840A6DCC60F54D2EB123A4F5 /* libGTM_NSDictionary+URLArguments.a */,
				E6F47CBECAAA49A5B66AD32B /* libGTM_NSScannerJSON.a */,
				C7827711DF6E41FC8E279374 /* libGTM_NSStringHTML.a */,
				276BDBD103BB4066B06C695A /* libGTM_NSStringXML.a */,
				B019E596EE144A1C9F3CB733 /* libGTM_Regex.a */,
				5CB3CE9B8E224BF18FA2D234 /* libGTM_RoundedRectPath.a */,
				4D890AAAB0E546F4AB99CAAD /* libGTM_StringEncoding.a */,
				92D6B8858BA74C2D84725E89 /* libGTM_SystemVersion.a */,
				05F9A51E19814545B0291DAA /* libGTM_UIFont+LineHeight.a */,
				AE42C5B0AFE34823B6B17E5F /* libGTM_core.a */,
				265DBDA19CF24D7C80B9B271 /* libGTM_iPhone.a */,
				6838CFE2987C4305AB77EDF9 /* libGcmLib.a */,
				D4DEC58E0A944E049ED7A42F /* libProtocolBuffers.a */,
				E37FFA7561FD4519BF61908B /* AddressBook.framework */,
				E1FA2F7382324E1386AA9F8F /* libsqlite3.tbd */,
				BA522838C90B483581DCA690 /* libz.tbd */,
			);
			name = Frameworks;
			sourceTree = "<group>";
		};
		301BF52E109A57CC0062928A /* Products */ = {
			isa = PBXGroup;
			children = (
				301BF535109A57CC0062928A /* libCordova.a */,
			);
			name = Products;
			sourceTree = "<group>";
		};
		307C750510C5A3420062BCA9 /* Plugins */ = {
			isa = PBXGroup;
			children = (
				FF943106A468459B94BFB8D1 /* CDVLogger.m */,
				7458C23B3DEC4C0BA3C02652 /* CDVLogger.h */,
				F8AE405E3FD14D84AFC426CC /* CDVStatusBar.m */,
				5D7AE42AB8F2494993DAB20A /* CDVStatusBar.h */,
				10B2DF85A15742D4B955ABBF /* CDVSplashScreen.m */,
				427E3319DF3847669AA23A72 /* CDVViewController+SplashScreen.m */,
				B9C4265E31664006BEE16EC9 /* CDVSplashScreen.h */,
				12BDDC51813E417181893980 /* CDVViewController+SplashScreen.h */,
				5A78FEE4530140BCB7BB0BFA /* IonicKeyboard.m */,
				2830E8C234DC44B48D4BEA9A /* UIWebViewExtension.m */,
				04FCBC887DB0446FAFB0BBFF /* IonicKeyboard.h */,
				744B707DC51C474BA1A2DAF7 /* UIWebViewExtension.h */,
				E5D76E51FA974778846609AB /* CDVDevice.m */,
				34BC8A24CB57446FA67473B5 /* CDVDevice.h */,
				8E467026F32E4F2BBCAB05F4 /* AppDelegate+notification.m */,
				68D167B0B2994B5D9E422D5C /* PushPlugin.m */,
				59D1F43C6E1744DAB938C629 /* AppDelegate+notification.h */,
				952C27B3974E4FFD9EE50DA4 /* PushPlugin.h */,
				255B3F58471E4F0A88527FC3 /* GGLInstanceID.h */,
				71647FA078F44ECFAF9CA24E /* GGLInstanceIDConfig.h */,
				222B47A923DB4AF69D5BA385 /* GGLInstanceIDDelegate.h */,
				388F5FFEC5A142D4B4745D89 /* GGLInstanceIDHeaders.h */,
				12999A37D2224A40814A936A /* CloudMessaging.h */,
				26666EB991784C0B82158033 /* GGLContext+CloudMessaging.h */,
				75962849592C44ADB0341B35 /* Core.h */,
				6B7F9DBAEAA64E5080329C23 /* GGLConfiguration.h */,
				62A60C384E04419984F2EFDC /* GGLContext.h */,
				53C996F17AF6487484892F99 /* GGLErrorCode.h */,
				16556A1D7C2041A6A0C47BB0 /* GCMConfig.h */,
				3CD8DCE345B949FCA8505904 /* GCMPubSub.h */,
				B06E413149F94CB3A89916DF /* GCMReceiverDelegate.h */,
				2FD5FA744AF2424983D6BADF /* GCMService.h */,
				58C995F5CFA04EBC99D783A4 /* GoogleCloudMessaging.h */,
			);
			name = Plugins;
			path = "pushbudget/Plugins";
			sourceTree = SOURCE_ROOT;
		};
		308D052D1370CCF300D202BF /* icons */ = {
			isa = PBXGroup;
			children = (
				30C1856519D5FC0A00212699 /* icon-60@3x.png */,
				7E7966D41810823500FA85AD /* icon-40.png */,
				7E7966D51810823500FA85AD /* icon-40@2x.png */,
				7E7966D61810823500FA85AD /* icon-50.png */,
				7E7966D71810823500FA85AD /* icon-50@2x.png */,
				7E7966D81810823500FA85AD /* icon-60.png */,
				7E7966D91810823500FA85AD /* icon-60@2x.png */,
				7E7966DA1810823500FA85AD /* icon-76.png */,
				7E7966DB1810823500FA85AD /* icon-76@2x.png */,
				7E7966DC1810823500FA85AD /* icon-small.png */,
				7E7966DD1810823500FA85AD /* icon-small@2x.png */,
				30FC414816E50CA1004E6F35 /* icon-72@2x.png */,
				308D052E1370CCF300D202BF /* icon-72.png */,
				308D052F1370CCF300D202BF /* icon.png */,
				308D05301370CCF300D202BF /* icon@2x.png */,
			);
			path = icons;
			sourceTree = "<group>";
		};
		308D05311370CCF300D202BF /* splash */ = {
			isa = PBXGroup;
			children = (
				30B4F2FD19D5E07200D9F7D8 /* Default-667h.png */,
				30B4F2FE19D5E07200D9F7D8 /* Default-736h.png */,
				30B4F2FF19D5E07200D9F7D8 /* Default-Landscape-736h.png */,
				D4A0D8751607E02300AEF8BB /* Default-568h@2x~iphone.png */,
				3088BBB7154F3926009F9C59 /* Default-Landscape@2x~ipad.png */,
				3088BBB8154F3926009F9C59 /* Default-Landscape~ipad.png */,
				3088BBB9154F3926009F9C59 /* Default-Portrait@2x~ipad.png */,
				3088BBBA154F3926009F9C59 /* Default-Portrait~ipad.png */,
				3088BBBB154F3926009F9C59 /* Default@2x~iphone.png */,
				3088BBBC154F3926009F9C59 /* Default~iphone.png */,
			);
			path = splash;
			sourceTree = "<group>";
		};
		EB87FDF11871DA420020F90C /* Staging */ = {
			isa = PBXGroup;
			children = (
				F840E1F0165FE0F500CFE078 /* config.xml */,
				301BF56E109A69640062928A /* www */,
			);
			name = Staging;
			sourceTree = "<group>";
		};
/* End PBXGroup section */

/* Begin PBXNativeTarget section */
		1D6058900D05DD3D006BFB54 /* pushbudget */ = {
			isa = PBXNativeTarget;
			buildConfigurationList = 1D6058960D05DD3E006BFB54 /* Build configuration list for PBXNativeTarget "pushbudget" */;
			buildPhases = (
				304B58A110DAC018002A0835 /* Copy www directory */,
				1D60588D0D05DD3D006BFB54 /* Resources */,
				1D60588E0D05DD3D006BFB54 /* Sources */,
				1D60588F0D05DD3D006BFB54 /* Frameworks */,
			);
			buildRules = (
			);
			dependencies = (
				301BF551109A68C00062928A /* PBXTargetDependency */,
			);
			name = "pushbudget";
			productName = "pushbudget";
			productReference = 1D6058910D05DD3D006BFB54 /* pushbudget.app */;
			productType = "com.apple.product-type.application";
		};
/* End PBXNativeTarget section */

/* Begin PBXProject section */
		29B97313FDCFA39411CA2CEA /* Project object */ = {
			isa = PBXProject;
			attributes = {
				LastUpgradeCheck = 510;
			};
			buildConfigurationList = C01FCF4E08A954540054247B /* Build configuration list for PBXProject "__CLI__" */;
			compatibilityVersion = "Xcode 3.2";
			developmentRegion = English;
			hasScannedForEncodings = 1;
			knownRegions = (
				English,
				Japanese,
				French,
				German,
				en,
				es,
				de,
				se,
			);
			mainGroup = 29B97314FDCFA39411CA2CEA /* CustomTemplate */;
			projectDirPath = "";
			projectReferences = (
				{
					ProductGroup = 301BF52E109A57CC0062928A /* Products */;
					ProjectRef = 301BF52D109A57CC0062928A /* CordovaLib.xcodeproj */;
				},
			);
			projectRoot = "";
			targets = (
				1D6058900D05DD3D006BFB54 /* pushbudget */,
			);
		};
/* End PBXProject section */

/* Begin PBXReferenceProxy section */
		301BF535109A57CC0062928A /* libCordova.a */ = {
			isa = PBXReferenceProxy;
			fileType = archive.ar;
			path = libCordova.a;
			remoteRef = 301BF534109A57CC0062928A /* PBXContainerItemProxy */;
			sourceTree = BUILT_PRODUCTS_DIR;
		};
/* End PBXReferenceProxy section */

/* Begin PBXResourcesBuildPhase section */
		1D60588D0D05DD3D006BFB54 /* Resources */ = {
			isa = PBXResourcesBuildPhase;
			buildActionMask = 2147483647;
			files = (
				7E7966E41810823500FA85AD /* icon-76.png in Resources */,
				7E7966DF1810823500FA85AD /* icon-40@2x.png in Resources */,
				308D05371370CCF300D202BF /* icon-72.png in Resources */,
				30B4F30119D5E07200D9F7D8 /* Default-736h.png in Resources */,
				308D05381370CCF300D202BF /* icon.png in Resources */,
				308D05391370CCF300D202BF /* icon@2x.png in Resources */,
				302D95F214D2391D003F00A1 /* MainViewController.xib in Resources */,
				7E7966E01810823500FA85AD /* icon-50.png in Resources */,
				7E7966E31810823500FA85AD /* icon-60@2x.png in Resources */,
				7E7966E61810823500FA85AD /* icon-small.png in Resources */,
				3088BBBD154F3926009F9C59 /* Default-Landscape@2x~ipad.png in Resources */,
				3088BBBE154F3926009F9C59 /* Default-Landscape~ipad.png in Resources */,
				3088BBBF154F3926009F9C59 /* Default-Portrait@2x~ipad.png in Resources */,
				7E7966E71810823500FA85AD /* icon-small@2x.png in Resources */,
				3088BBC0154F3926009F9C59 /* Default-Portrait~ipad.png in Resources */,
				30B4F30019D5E07200D9F7D8 /* Default-667h.png in Resources */,
				7E7966DE1810823500FA85AD /* icon-40.png in Resources */,
				3088BBC1154F3926009F9C59 /* Default@2x~iphone.png in Resources */,
				7E7966E21810823500FA85AD /* icon-60.png in Resources */,
				3088BBC2154F3926009F9C59 /* Default~iphone.png in Resources */,
				D4A0D8761607E02300AEF8BB /* Default-568h@2x~iphone.png in Resources */,
				30B4F30219D5E07200D9F7D8 /* Default-Landscape-736h.png in Resources */,
				30C1856619D5FC0A00212699 /* icon-60@3x.png in Resources */,
				7E7966E11810823500FA85AD /* icon-50@2x.png in Resources */,
				7E7966E51810823500FA85AD /* icon-76@2x.png in Resources */,
				30FC414916E50CA1004E6F35 /* icon-72@2x.png in Resources */,
			);
			runOnlyForDeploymentPostprocessing = 0;
		};
/* End PBXResourcesBuildPhase section */

/* Begin PBXShellScriptBuildPhase section */
		304B58A110DAC018002A0835 /* Copy www directory */ = {
			isa = PBXShellScriptBuildPhase;
			buildActionMask = 2147483647;
			files = (
			);
			inputPaths = (
			);
			name = "Copy www directory";
			outputPaths = (
			);
			runOnlyForDeploymentPostprocessing = 0;
			shellPath = /bin/sh;
			shellScript = "NODEJS_PATH=/usr/local/bin; NVM_NODE_PATH=~/.nvm/versions/node/`nvm version 2>/dev/null`/bin; N_NODE_PATH=`find /usr/local/n/versions/node/* -maxdepth 0 -type d 2>/dev/null | tail -1`/bin; XCODE_NODE_PATH=`xcode-select --print-path`/usr/share/xcs/Node/bin; PATH=$NODEJS_PATH:$NVM_NODE_PATH:$N_NODE_PATH:$XCODE_NODE_PATH:$PATH && node cordova/lib/copy-www-build-step.js";
			showEnvVarsInLog = 0;
		};
/* End PBXShellScriptBuildPhase section */

/* Begin PBXSourcesBuildPhase section */
		1D60588E0D05DD3D006BFB54 /* Sources */ = {
			isa = PBXSourcesBuildPhase;
			buildActionMask = 2147483647;
			files = (
				1D60589B0D05DD56006BFB54 /* main.m in Sources */,
				1D3623260D0F684500981E51 /* AppDelegate.m in Sources */,
				302D95F114D2391D003F00A1 /* MainViewController.m in Sources */,
				BB032EA09EF042BE83E4C9F1 /* CDVLogger.m in Sources */,
				7F862FCF1D49413EBFDF8589 /* CDVStatusBar.m in Sources */,
				14D849148A214C76A5C36BE0 /* CDVSplashScreen.m in Sources */,
				5759E14A6AC843E2BF147244 /* CDVViewController+SplashScreen.m in Sources */,
				829D14A6BC5F4F31A0A3ACA4 /* IonicKeyboard.m in Sources */,
				67269BC29F644322A178FB6D /* UIWebViewExtension.m in Sources */,
				29EA3172F9C443338616C0E6 /* CDVDevice.m in Sources */,
				2BC2E75AB69F4791B5F10DCE /* AppDelegate+notification.m in Sources */,
				E77878A2EF904BD79645F43A /* PushPlugin.m in Sources */,
			);
			runOnlyForDeploymentPostprocessing = 0;
		};
/* End PBXSourcesBuildPhase section */

/* Begin PBXTargetDependency section */
		301BF551109A68C00062928A /* PBXTargetDependency */ = {
			isa = PBXTargetDependency;
			name = CordovaLib;
			targetProxy = 301BF550109A68C00062928A /* PBXContainerItemProxy */;
		};
/* End PBXTargetDependency section */

/* Begin XCBuildConfiguration section */
		1D6058940D05DD3E006BFB54 /* Debug */ = {
			isa = XCBuildConfiguration;
			buildSettings = {
				ALWAYS_SEARCH_USER_PATHS = NO;
				CLANG_ENABLE_OBJC_ARC = YES;
				COPY_PHASE_STRIP = NO;
				GCC_DYNAMIC_NO_PIC = NO;
				GCC_OPTIMIZATION_LEVEL = 0;
				GCC_PRECOMPILE_PREFIX_HEADER = YES;
				GCC_PREFIX_HEADER = "pushbudget/pushbudget-Prefix.pch";
				GCC_THUMB_SUPPORT = NO;
				GCC_VERSION = "";
				INFOPLIST_FILE = "pushbudget/pushbudget-Info.plist";
				IPHONEOS_DEPLOYMENT_TARGET = 6.0;
				OTHER_LDFLAGS = (
					"-weak_framework",
					CoreFoundation,
					"-weak_framework",
					UIKit,
					"-weak_framework",
					AVFoundation,
					"-weak_framework",
					CoreMedia,
					"-weak-lSystem",
					"-ObjC",
				);
				PRODUCT_NAME = "pushbudget";
				TARGETED_DEVICE_FAMILY = "1,2";
				LIBRARY_SEARCH_PATHS = (
					"$(inherited)",
					"\"$(SRCROOT)/pushbudget/Plugins/phonegap-plugin-push/GCM/Libraries\"",
					"\"$(SRCROOT)/pushbudget/Plugins/phonegap-plugin-push/GCM/Libraries\"",
					"\"$(SRCROOT)/pushbudget/Plugins/phonegap-plugin-push/GCM/Libraries\"",
					"\"$(SRCROOT)/pushbudget/Plugins/phonegap-plugin-push/GCM/Libraries\"",
					"\"$(SRCROOT)/pushbudget/Plugins/phonegap-plugin-push/GCM/Libraries\"",
					"\"$(SRCROOT)/pushbudget/Plugins/phonegap-plugin-push/GCM/Libraries\"",
					"\"$(SRCROOT)/pushbudget/Plugins/phonegap-plugin-push/GCM/Libraries\"",
					"\"$(SRCROOT)/pushbudget/Plugins/phonegap-plugin-push/GCM/Libraries\"",
					"\"$(SRCROOT)/pushbudget/Plugins/phonegap-plugin-push/GCM/Libraries\"",
					"\"$(SRCROOT)/pushbudget/Plugins/phonegap-plugin-push/GCM/Libraries\"",
					"\"$(SRCROOT)/pushbudget/Plugins/phonegap-plugin-push/GCM/Libraries\"",
					"\"$(SRCROOT)/pushbudget/Plugins/phonegap-plugin-push/GCM/Libraries\"",
					"\"$(SRCROOT)/pushbudget/Plugins/phonegap-plugin-push/GCM/Libraries\"",
					"\"$(SRCROOT)/pushbudget/Plugins/phonegap-plugin-push/GCM/Libraries\"",
					"\"$(SRCROOT)/pushbudget/Plugins/phonegap-plugin-push/GCM/Libraries\"",
					"\"$(SRCROOT)/pushbudget/Plugins/phonegap-plugin-push/GCM/Libraries\"",
					"\"$(SRCROOT)/pushbudget/Plugins/phonegap-plugin-push/GCM/Libraries\"",
					"\"$(SRCROOT)/pushbudget/Plugins/phonegap-plugin-push/GCM/Libraries\"",
					"\"$(SRCROOT)/pushbudget/Plugins/phonegap-plugin-push/GCM/Libraries\"",
					"\"$(SRCROOT)/pushbudget/Plugins/phonegap-plugin-push/GCM/Libraries\"",
					"\"$(SRCROOT)/pushbudget/Plugins/phonegap-plugin-push/GCM/Libraries\"",
					"\"$(SRCROOT)/pushbudget/Plugins/phonegap-plugin-push/GCM/Libraries\"",
					"\"$(SRCROOT)/pushbudget/Plugins/phonegap-plugin-push/GCM/Libraries\"",
					"\"$(SRCROOT)/pushbudget/Plugins/phonegap-plugin-push/GCM/Libraries\"",
					"\"$(SRCROOT)/pushbudget/Plugins/phonegap-plugin-push/GCM/Libraries\"",
					"\"$(SRCROOT)/pushbudget/Plugins/phonegap-plugin-push/GCM/Libraries\"",
				);
			};
			name = Debug;
		};
		1D6058950D05DD3E006BFB54 /* Release */ = {
			isa = XCBuildConfiguration;
			buildSettings = {
				ALWAYS_SEARCH_USER_PATHS = NO;
				CLANG_ENABLE_OBJC_ARC = YES;
				COPY_PHASE_STRIP = YES;
				GCC_PRECOMPILE_PREFIX_HEADER = YES;
				GCC_PREFIX_HEADER = "pushbudget/pushbudget-Prefix.pch";
				GCC_THUMB_SUPPORT = NO;
				GCC_VERSION = "";
				INFOPLIST_FILE = "pushbudget/pushbudget-Info.plist";
				IPHONEOS_DEPLOYMENT_TARGET = 6.0;
				OTHER_LDFLAGS = (
					"-weak_framework",
					CoreFoundation,
					"-weak_framework",
					UIKit,
					"-weak_framework",
					AVFoundation,
					"-weak_framework",
					CoreMedia,
					"-weak-lSystem",
					"-ObjC",
				);
				PRODUCT_NAME = "pushbudget";
				TARGETED_DEVICE_FAMILY = "1,2";
				LIBRARY_SEARCH_PATHS = (
					"$(inherited)",
					"\"$(SRCROOT)/pushbudget/Plugins/phonegap-plugin-push/GCM/Libraries\"",
					"\"$(SRCROOT)/pushbudget/Plugins/phonegap-plugin-push/GCM/Libraries\"",
					"\"$(SRCROOT)/pushbudget/Plugins/phonegap-plugin-push/GCM/Libraries\"",
					"\"$(SRCROOT)/pushbudget/Plugins/phonegap-plugin-push/GCM/Libraries\"",
					"\"$(SRCROOT)/pushbudget/Plugins/phonegap-plugin-push/GCM/Libraries\"",
					"\"$(SRCROOT)/pushbudget/Plugins/phonegap-plugin-push/GCM/Libraries\"",
					"\"$(SRCROOT)/pushbudget/Plugins/phonegap-plugin-push/GCM/Libraries\"",
					"\"$(SRCROOT)/pushbudget/Plugins/phonegap-plugin-push/GCM/Libraries\"",
					"\"$(SRCROOT)/pushbudget/Plugins/phonegap-plugin-push/GCM/Libraries\"",
					"\"$(SRCROOT)/pushbudget/Plugins/phonegap-plugin-push/GCM/Libraries\"",
					"\"$(SRCROOT)/pushbudget/Plugins/phonegap-plugin-push/GCM/Libraries\"",
					"\"$(SRCROOT)/pushbudget/Plugins/phonegap-plugin-push/GCM/Libraries\"",
					"\"$(SRCROOT)/pushbudget/Plugins/phonegap-plugin-push/GCM/Libraries\"",
					"\"$(SRCROOT)/pushbudget/Plugins/phonegap-plugin-push/GCM/Libraries\"",
					"\"$(SRCROOT)/pushbudget/Plugins/phonegap-plugin-push/GCM/Libraries\"",
					"\"$(SRCROOT)/pushbudget/Plugins/phonegap-plugin-push/GCM/Libraries\"",
					"\"$(SRCROOT)/pushbudget/Plugins/phonegap-plugin-push/GCM/Libraries\"",
					"\"$(SRCROOT)/pushbudget/Plugins/phonegap-plugin-push/GCM/Libraries\"",
					"\"$(SRCROOT)/pushbudget/Plugins/phonegap-plugin-push/GCM/Libraries\"",
					"\"$(SRCROOT)/pushbudget/Plugins/phonegap-plugin-push/GCM/Libraries\"",
					"\"$(SRCROOT)/pushbudget/Plugins/phonegap-plugin-push/GCM/Libraries\"",
					"\"$(SRCROOT)/pushbudget/Plugins/phonegap-plugin-push/GCM/Libraries\"",
					"\"$(SRCROOT)/pushbudget/Plugins/phonegap-plugin-push/GCM/Libraries\"",
					"\"$(SRCROOT)/pushbudget/Plugins/phonegap-plugin-push/GCM/Libraries\"",
					"\"$(SRCROOT)/pushbudget/Plugins/phonegap-plugin-push/GCM/Libraries\"",
					"\"$(SRCROOT)/pushbudget/Plugins/phonegap-plugin-push/GCM/Libraries\"",
				);
			};
			name = Release;
		};
		C01FCF4F08A954540054247B /* Debug */ = {
			isa = XCBuildConfiguration;
			buildSettings = {
				CLANG_ENABLE_OBJC_ARC = YES;
				CLANG_WARN_BOOL_CONVERSION = YES;
				CLANG_WARN_CONSTANT_CONVERSION = YES;
				CLANG_WARN_EMPTY_BODY = YES;
				CLANG_WARN_ENUM_CONVERSION = YES;
				CLANG_WARN_INT_CONVERSION = YES;
				CLANG_WARN__DUPLICATE_METHOD_MATCH = YES;
				"CODE_SIGN_IDENTITY[sdk=iphoneos*]" = "iPhone Developer";
				GCC_C_LANGUAGE_STANDARD = c99;
				GCC_THUMB_SUPPORT = NO;
				GCC_VERSION = "";
				GCC_WARN_ABOUT_RETURN_TYPE = YES;
				GCC_WARN_UNDECLARED_SELECTOR = YES;
				GCC_WARN_UNINITIALIZED_AUTOS = YES;
				GCC_WARN_UNUSED_FUNCTION = YES;
				GCC_WARN_UNUSED_VARIABLE = YES;
				HEADER_SEARCH_PATHS = (
					"\"$(TARGET_BUILD_DIR)/usr/local/lib/include\"",
					"\"$(OBJROOT)/UninstalledProducts/include\"",
					"\"$(BUILT_PRODUCTS_DIR)\"",
				);
				IPHONEOS_DEPLOYMENT_TARGET = 6.0;
				ONLY_ACTIVE_ARCH = YES;
				OTHER_LDFLAGS = (
					"-weak_framework",
					CoreFoundation,
					"-weak_framework",
					UIKit,
					"-weak_framework",
					AVFoundation,
					"-weak_framework",
					CoreMedia,
					"-weak-lSystem",
					"-ObjC",
				);
				SDKROOT = iphoneos;
				SKIP_INSTALL = NO;
				USER_HEADER_SEARCH_PATHS = "";
			};
			name = Debug;
		};
		C01FCF5008A954540054247B /* Release */ = {
			isa = XCBuildConfiguration;
			buildSettings = {
				CLANG_ENABLE_OBJC_ARC = YES;
				CLANG_WARN_BOOL_CONVERSION = YES;
				CLANG_WARN_CONSTANT_CONVERSION = YES;
				CLANG_WARN_EMPTY_BODY = YES;
				CLANG_WARN_ENUM_CONVERSION = YES;
				CLANG_WARN_INT_CONVERSION = YES;
				CLANG_WARN__DUPLICATE_METHOD_MATCH = YES;
				"CODE_SIGN_IDENTITY[sdk=iphoneos*]" = "iPhone Developer";
				GCC_C_LANGUAGE_STANDARD = c99;
				GCC_THUMB_SUPPORT = NO;
				GCC_VERSION = "";
				GCC_WARN_ABOUT_RETURN_TYPE = YES;
				GCC_WARN_UNDECLARED_SELECTOR = YES;
				GCC_WARN_UNINITIALIZED_AUTOS = YES;
				GCC_WARN_UNUSED_FUNCTION = YES;
				GCC_WARN_UNUSED_VARIABLE = YES;
				HEADER_SEARCH_PATHS = (
					"\"$(TARGET_BUILD_DIR)/usr/local/lib/include\"",
					"\"$(OBJROOT)/UninstalledProducts/include\"",
					"\"$(BUILT_PRODUCTS_DIR)\"",
					"\"$(OBJROOT)/UninstalledProducts/$(PLATFORM_NAME)/include\"",
				);
				IPHONEOS_DEPLOYMENT_TARGET = 6.0;
				OTHER_LDFLAGS = (
					"-weak_framework",
					CoreFoundation,
					"-weak_framework",
					UIKit,
					"-weak_framework",
					AVFoundation,
					"-weak_framework",
					CoreMedia,
					"-weak-lSystem",
					"-ObjC",
				);
				SDKROOT = iphoneos;
				SKIP_INSTALL = NO;
				USER_HEADER_SEARCH_PATHS = "";
			};
			name = Release;
		};
/* End XCBuildConfiguration section */

/* Begin XCConfigurationList section */
		1D6058960D05DD3E006BFB54 /* Build configuration list for PBXNativeTarget "pushbudget" */ = {
			isa = XCConfigurationList;
			buildConfigurations = (
				1D6058940D05DD3E006BFB54 /* Debug */,
				1D6058950D05DD3E006BFB54 /* Release */,
			);
			defaultConfigurationIsVisible = 0;
			defaultConfigurationName = Release;
		};
		C01FCF4E08A954540054247B /* Build configuration list for PBXProject "__CLI__" */ = {
			isa = XCConfigurationList;
			buildConfigurations = (
				C01FCF4F08A954540054247B /* Debug */,
				C01FCF5008A954540054247B /* Release */,
			);
			defaultConfigurationIsVisible = 0;
			defaultConfigurationName = Release;
		};
/* End XCConfigurationList section */
	};
	rootObject = 29B97313FDCFA39411CA2CEA /* Project object */;
}
